<?xml version="1.0" encoding="utf-8"?>
<Project ToolsVersion="4.0" xmlns="http://schemas.microsoft.com/developer/msbuild/2003">
  <ItemGroup>
    <Filter Include="Quelldateien">
      <UniqueIdentifier>{4FC737F1-C7A5-4376-A066-2A32D752A2FF}</UniqueIdentifier>
      <Extensions>cpp;c;cc;cxx;def;odl;idl;hpj;bat;asm;asmx</Extensions>
    </Filter>
    <Filter Include="Headerdateien">
      <UniqueIdentifier>{93995380-89BD-4b04-88EB-625FBE52EBFB}</UniqueIdentifier>
      <Extensions>h;hh;hpp;hxx;hm;inl;inc;xsd</Extensions>
    </Filter>
    <Filter Include="Ressourcendateien">
      <UniqueIdentifier>{67DA6AB6-F800-4c08-8B7A-83BB121AAD01}</UniqueIdentifier>
      <Extensions>rc;ico;cur;bmp;dlg;rc2;rct;bin;rgs;gif;jpg;jpeg;jpe;resx;tiff;tif;png;wav;mfcribbon-ms</Extensions>
    </Filter>
    <Filter Include="Headerdateien\Resource">
      <UniqueIdentifier>{81e073f8-db73-49c3-8829-d6bce12c2cce}</UniqueIdentifier>
    </Filter>
    <Filter Include="Quelldateien\Resource">
      <UniqueIdentifier>{0c498d91-880b-4ced-8222-8aae8c5cc32c}</UniqueIdentifier>
    </Filter>
    <Filter Include="Headerdateien\Utility">
      <UniqueIdentifier>{86308a5a-7329-4059-bcdd-bfe5ac469483}</UniqueIdentifier>
    </Filter>
    <Filter Include="Quelldateien\Utility">
      <UniqueIdentifier>{17803714-2e49-4b6e-ba6a-46356b9867ac}</UniqueIdentifier>
    </Filter>
    <Filter Include="Headerdateien\Utility\Poly2Tri">
      <UniqueIdentifier>{3ae9f253-8f40-485a-81e2-3262370306ad}</UniqueIdentifier>
    </Filter>
    <Filter Include="Quelldateien\Utility\Poly2Tri">
      <UniqueIdentifier>{09601ff6-d090-41a4-b651-316ee37e54a8}</UniqueIdentifier>
    </Filter>
    <Filter Include="Quelldateien\DestructibleMap">
      <UniqueIdentifier>{147d949a-f4ae-4e7d-9c8c-dc751d15309e}</UniqueIdentifier>
    </Filter>
    <Filter Include="Headerdateien\DestructibleMap">
      <UniqueIdentifier>{c78b48d3-0e02-4b8a-a649-8d2c0948e381}</UniqueIdentifier>
    </Filter>
  </ItemGroup>
  <ItemGroup>
    <Text Include="ReadMe.txt" />
  </ItemGroup>
  <ItemGroup>
    <ClInclude Include="targetver.h">
      <Filter>Headerdateien</Filter>
    </ClInclude>
    <ClInclude Include="RenderingEngine.h">
      <Filter>Headerdateien</Filter>
    </ClInclude>
    <ClInclude Include="GLDebugContext.h">
      <Filter>Headerdateien\Utility</Filter>
    </ClInclude>
    <ClInclude Include="clipper.hpp">
      <Filter>Headerdateien\Utility</Filter>
    </ClInclude>
    <ClInclude Include="poly2tri\sweep\advancing_front.h">
      <Filter>Headerdateien\Utility\Poly2Tri</Filter>
    </ClInclude>
    <ClInclude Include="poly2tri\sweep\cdt.h">
      <Filter>Headerdateien\Utility\Poly2Tri</Filter>
    </ClInclude>
    <ClInclude Include="poly2tri\poly2tri.h">
      <Filter>Headerdateien\Utility\Poly2Tri</Filter>
    </ClInclude>
    <ClInclude Include="poly2tri\common\shapes.h">
      <Filter>Headerdateien\Utility\Poly2Tri</Filter>
    </ClInclude>
    <ClInclude Include="poly2tri\sweep\sweep.h">
      <Filter>Headerdateien\Utility\Poly2Tri</Filter>
    </ClInclude>
    <ClInclude Include="poly2tri\sweep\sweep_context.h">
      <Filter>Headerdateien\Utility\Poly2Tri</Filter>
    </ClInclude>
    <ClInclude Include="poly2tri\common\utils.h">
      <Filter>Headerdateien\Utility\Poly2Tri</Filter>
    </ClInclude>
    <ClInclude Include="DestructibleMapController.h">
      <Filter>Headerdateien\DestructibleMap</Filter>
    </ClInclude>
    <ClInclude Include="MeshResource.h">
      <Filter>Headerdateien\Resource</Filter>
    </ClInclude>
    <ClInclude Include="TextureResource.h">
      <Filter>Headerdateien\Resource</Filter>
    </ClInclude>
    <ClInclude Include="IResource.h">
      <Filter>Headerdateien\Resource</Filter>
    </ClInclude>
    <ClInclude Include="DestructibleMapChunk.h">
      <Filter>Headerdateien\DestructibleMap</Filter>
    </ClInclude>
    <ClInclude Include="ShaderResource.h">
      <Filter>Headerdateien\Resource</Filter>
    </ClInclude>
    <ClInclude Include="DestructibleMapShader.h">
      <Filter>Headerdateien\DestructibleMap</Filter>
    </ClInclude>
    <ClInclude Include="DestructibleMap.h">
      <Filter>Headerdateien\DestructibleMap</Filter>
    </ClInclude>
  </ItemGroup>
  <ItemGroup>
    <ClCompile Include="RenderingEngine.cpp">
      <Filter>Quelldateien</Filter>
    </ClCompile>
    <ClCompile Include="glad.c">
      <Filter>Quelldateien\Utility</Filter>
    </ClCompile>
    <ClCompile Include="main.cpp">
      <Filter>Quelldateien</Filter>
    </ClCompile>
    <ClCompile Include="clipper.cpp">
      <Filter>Quelldateien\Utility</Filter>
    </ClCompile>
    <ClCompile Include="poly2tri\sweep\advancing_front.cc">
      <Filter>Quelldateien\Utility\Poly2Tri</Filter>
    </ClCompile>
    <ClCompile Include="poly2tri\sweep\cdt.cc">
      <Filter>Quelldateien\Utility\Poly2Tri</Filter>
    </ClCompile>
    <ClCompile Include="poly2tri\common\shapes.cc">
      <Filter>Quelldateien\Utility\Poly2Tri</Filter>
    </ClCompile>
    <ClCompile Include="poly2tri\sweep\sweep.cc">
      <Filter>Quelldateien\Utility\Poly2Tri</Filter>
    </ClCompile>
    <ClCompile Include="poly2tri\sweep\sweep_context.cc">
      <Filter>Quelldateien\Utility\Poly2Tri</Filter>
    </ClCompile>
    <ClCompile Include="DestructibleMapController.cpp">
      <Filter>Quelldateien\DestructibleMap</Filter>
    </ClCompile>
    <ClCompile Include="MeshResource.cpp">
      <Filter>Quelldateien\Resource</Filter>
    </ClCompile>
    <ClCompile Include="TextureResource.cpp">
      <Filter>Quelldateien\Resource</Filter>
    </ClCompile>
    <ClCompile Include="DestructibleMapChunk.cpp">
      <Filter>Quelldateien\DestructibleMap</Filter>
    </ClCompile>
    <ClCompile Include="ShaderResource.cpp">
      <Filter>Quelldateien\Resource</Filter>
    </ClCompile>
    <ClCompile Include="DestructibleMapShader.cpp">
      <Filter>Quelldateien\DestructibleMap</Filter>
    </ClCompile>
    <ClCompile Include="DestructibleMap.cpp">
      <Filter>Quelldateien\DestructibleMap</Filter>
    </ClCompile>
  </ItemGroup>
</Project>